// !$*UTF8*$!
{
	archiveVersion = 1;
	classes = {
	};
	objectVersion = 50;
	objects = {

/* Begin PBXBuildFile section */
		3DB6D0A6269A288C00B2E67C /* AppDelegate.swift in Sources */ = {isa = PBXBuildFile; fileRef = 3DB6D0A5269A288C00B2E67C /* AppDelegate.swift */; };
		3DB6D0AF269A288D00B2E67C /* Assets.xcassets in Resources */ = {isa = PBXBuildFile; fileRef = 3DB6D0AE269A288D00B2E67C /* Assets.xcassets */; };
		3DB6D0B2269A288D00B2E67C /* LaunchScreen.storyboard in Resources */ = {isa = PBXBuildFile; fileRef = 3DB6D0B0269A288D00B2E67C /* LaunchScreen.storyboard */; };
		3DB6D0BD269A288D00B2E67C /* ChatInteractorTests.swift in Sources */ = {isa = PBXBuildFile; fileRef = 3DB6D0BC269A288D00B2E67C /* ChatInteractorTests.swift */; };
		3DB6D0C8269A288D00B2E67C /* ChatUITests.swift in Sources */ = {isa = PBXBuildFile; fileRef = 3DB6D0C7269A288D00B2E67C /* ChatUITests.swift */; };
		3DB6D0DB269A28DA00B2E67C /* ChatViewController.swift in Sources */ = {isa = PBXBuildFile; fileRef = 3DB6D0DA269A28DA00B2E67C /* ChatViewController.swift */; };
		3DB6D0EA269A2A9000B2E67C /* ChatInteractor.swift in Sources */ = {isa = PBXBuildFile; fileRef = 3DB6D0E9269A2A9000B2E67C /* ChatInteractor.swift */; };
		3DB6D0EF269A2AA300B2E67C /* ChatPresenter.swift in Sources */ = {isa = PBXBuildFile; fileRef = 3DB6D0EE269A2AA300B2E67C /* ChatPresenter.swift */; };
		3DB6D0F7269A2C2100B2E67C /* ChatViewControllerFactory.swift in Sources */ = {isa = PBXBuildFile; fileRef = 3DB6D0F6269A2C2100B2E67C /* ChatViewControllerFactory.swift */; };
		3DB6D102269A322300B2E67C /* ChatJourney.swift in Sources */ = {isa = PBXBuildFile; fileRef = 3DB6D101269A322300B2E67C /* ChatJourney.swift */; };
		3DB6D108269A32A900B2E67C /* ApplicationJourney.swift in Sources */ = {isa = PBXBuildFile; fileRef = 3DB6D107269A32A900B2E67C /* ApplicationJourney.swift */; };
		3DB6D10F269A358600B2E67C /* MessagesService.swift in Sources */ = {isa = PBXBuildFile; fileRef = 3DB6D10E269A358600B2E67C /* MessagesService.swift */; };
		3DB6D117269A35D400B2E67C /* Message.swift in Sources */ = {isa = PBXBuildFile; fileRef = 3DB6D116269A35D400B2E67C /* Message.swift */; };
		3DB6D11D269A369F00B2E67C /* StaticMessagesService.swift in Sources */ = {isa = PBXBuildFile; fileRef = 3DB6D11C269A369F00B2E67C /* StaticMessagesService.swift */; };
		3DB6D129269A3F0800B2E67C /* Result+On.swift in Sources */ = {isa = PBXBuildFile; fileRef = 3DB6D128269A3F0800B2E67C /* Result+On.swift */; };
		3DB6D131269A41A600B2E67C /* Localized.swift in Sources */ = {isa = PBXBuildFile; fileRef = 3DB6D130269A41A600B2E67C /* Localized.swift */; };
		3DB6D13D269A425D00B2E67C /* Localizable.strings in Resources */ = {isa = PBXBuildFile; fileRef = 3DB6D13F269A425D00B2E67C /* Localizable.strings */; };
		3DB6D144269A475C00B2E67C /* MessageViewModel.swift in Sources */ = {isa = PBXBuildFile; fileRef = 3DB6D143269A475C00B2E67C /* MessageViewModel.swift */; };
		3DB6D149269A49AE00B2E67C /* DefaultDateFormatter.swift in Sources */ = {isa = PBXBuildFile; fileRef = 3DB6D148269A49AE00B2E67C /* DefaultDateFormatter.swift */; };
		3DB6D14E269A4AF200B2E67C /* String+Lorem.swift in Sources */ = {isa = PBXBuildFile; fileRef = 3DB6D14D269A4AF200B2E67C /* String+Lorem.swift */; };
		3DB6D153269A4B1100B2E67C /* TimeInterval+Dates.swift in Sources */ = {isa = PBXBuildFile; fileRef = 3DB6D152269A4B1100B2E67C /* TimeInterval+Dates.swift */; };
		3DB6D158269A4BEF00B2E67C /* ChatViewController.xib in Resources */ = {isa = PBXBuildFile; fileRef = 3DB6D157269A4BEF00B2E67C /* ChatViewController.xib */; };
		3DB6D15D269AF54F00B2E67C /* UIScrollView+Extensions.swift in Sources */ = {isa = PBXBuildFile; fileRef = 3DB6D15C269AF54F00B2E67C /* UIScrollView+Extensions.swift */; };
		3DB6D162269B012700B2E67C /* NSNotification+Extensions.swift in Sources */ = {isa = PBXBuildFile; fileRef = 3DB6D161269B012700B2E67C /* NSNotification+Extensions.swift */; };
		3DB6D167269B058F00B2E67C /* MessageView.swift in Sources */ = {isa = PBXBuildFile; fileRef = 3DB6D166269B058F00B2E67C /* MessageView.swift */; };
		3DB6D16C269B062700B2E67C /* MessageView.xib in Resources */ = {isa = PBXBuildFile; fileRef = 3DB6D16B269B062700B2E67C /* MessageView.xib */; };
		3DB6D171269B070D00B2E67C /* UINib+Extensions.swift in Sources */ = {isa = PBXBuildFile; fileRef = 3DB6D170269B070D00B2E67C /* UINib+Extensions.swift */; };
		3DB6D17D269B15D800B2E67C /* Spy.swift in Sources */ = {isa = PBXBuildFile; fileRef = 3DB6D17C269B15D800B2E67C /* Spy.swift */; };
		3DB6D185269B164B00B2E67C /* Stub.swift in Sources */ = {isa = PBXBuildFile; fileRef = 3DB6D184269B164B00B2E67C /* Stub.swift */; };
		3DB6D18E269B16D300B2E67C /* ChatPresenterMock.swift in Sources */ = {isa = PBXBuildFile; fileRef = 3DB6D18D269B16D300B2E67C /* ChatPresenterMock.swift */; };
		3DB6D196269B17BC00B2E67C /* MessagesServiceMock.swift in Sources */ = {isa = PBXBuildFile; fileRef = 3DB6D195269B17BC00B2E67C /* MessagesServiceMock.swift */; };
		3DB6D19B269B1CC100B2E67C /* Message.swift in Sources */ = {isa = PBXBuildFile; fileRef = 3DB6D19A269B1CC100B2E67C /* Message.swift */; };
		3DB6D1A0269B224E00B2E67C /* Error.swift in Sources */ = {isa = PBXBuildFile; fileRef = 3DB6D19F269B224E00B2E67C /* Error.swift */; };
		3DB6D1C3269B706200B2E67C /* ChatRobot.swift in Sources */ = {isa = PBXBuildFile; fileRef = 3DB6D1C2269B706200B2E67C /* ChatRobot.swift */; };
		3DB6D1CC269B710C00B2E67C /* AccessibilityIdentifiers.swift in Sources */ = {isa = PBXBuildFile; fileRef = 3DB6D1CB269B710C00B2E67C /* AccessibilityIdentifiers.swift */; };
		3DB6D1D4269B71BC00B2E67C /* XCUIElement+Extensions.swift in Sources */ = {isa = PBXBuildFile; fileRef = 3DB6D1D3269B71BC00B2E67C /* XCUIElement+Extensions.swift */; };
		3DB6D1D8269B750A00B2E67C /* AccessibilityIdentifiers.swift in Sources */ = {isa = PBXBuildFile; fileRef = 3DB6D1CB269B710C00B2E67C /* AccessibilityIdentifiers.swift */; };
/* End PBXBuildFile section */

/* Begin PBXContainerItemProxy section */
		3DB6D0B9269A288D00B2E67C /* PBXContainerItemProxy */ = {
			isa = PBXContainerItemProxy;
			containerPortal = 3DB6D09A269A288C00B2E67C /* Project object */;
			proxyType = 1;
			remoteGlobalIDString = 3DB6D0A1269A288C00B2E67C;
			remoteInfo = ChatBox;
		};
		3DB6D0C4269A288D00B2E67C /* PBXContainerItemProxy */ = {
			isa = PBXContainerItemProxy;
			containerPortal = 3DB6D09A269A288C00B2E67C /* Project object */;
			proxyType = 1;
			remoteGlobalIDString = 3DB6D0A1269A288C00B2E67C;
			remoteInfo = ChatBox;
		};
/* End PBXContainerItemProxy section */

/* Begin PBXFileReference section */
		3DB6D0A2269A288C00B2E67C /* ChatBox.app */ = {isa = PBXFileReference; explicitFileType = wrapper.application; includeInIndex = 0; path = ChatBox.app; sourceTree = BUILT_PRODUCTS_DIR; };
		3DB6D0A5269A288C00B2E67C /* AppDelegate.swift */ = {isa = PBXFileReference; lastKnownFileType = sourcecode.swift; path = AppDelegate.swift; sourceTree = "<group>"; };
		3DB6D0AE269A288D00B2E67C /* Assets.xcassets */ = {isa = PBXFileReference; lastKnownFileType = folder.assetcatalog; path = Assets.xcassets; sourceTree = "<group>"; };
		3DB6D0B1269A288D00B2E67C /* Base */ = {isa = PBXFileReference; lastKnownFileType = file.storyboard; name = Base; path = Base.lproj/LaunchScreen.storyboard; sourceTree = "<group>"; };
		3DB6D0B3269A288D00B2E67C /* Info.plist */ = {isa = PBXFileReference; lastKnownFileType = text.plist.xml; path = Info.plist; sourceTree = "<group>"; };
		3DB6D0B8269A288D00B2E67C /* ChatBoxTests.xctest */ = {isa = PBXFileReference; explicitFileType = wrapper.cfbundle; includeInIndex = 0; path = ChatBoxTests.xctest; sourceTree = BUILT_PRODUCTS_DIR; };
		3DB6D0BC269A288D00B2E67C /* ChatInteractorTests.swift */ = {isa = PBXFileReference; lastKnownFileType = sourcecode.swift; path = ChatInteractorTests.swift; sourceTree = "<group>"; };
		3DB6D0BE269A288D00B2E67C /* Info.plist */ = {isa = PBXFileReference; lastKnownFileType = text.plist.xml; path = Info.plist; sourceTree = "<group>"; };
		3DB6D0C3269A288D00B2E67C /* ChatBoxUITests.xctest */ = {isa = PBXFileReference; explicitFileType = wrapper.cfbundle; includeInIndex = 0; path = ChatBoxUITests.xctest; sourceTree = BUILT_PRODUCTS_DIR; };
		3DB6D0C7269A288D00B2E67C /* ChatUITests.swift */ = {isa = PBXFileReference; lastKnownFileType = sourcecode.swift; path = ChatUITests.swift; sourceTree = "<group>"; };
		3DB6D0C9269A288D00B2E67C /* Info.plist */ = {isa = PBXFileReference; lastKnownFileType = text.plist.xml; path = Info.plist; sourceTree = "<group>"; };
		3DB6D0DA269A28DA00B2E67C /* ChatViewController.swift */ = {isa = PBXFileReference; lastKnownFileType = sourcecode.swift; path = ChatViewController.swift; sourceTree = "<group>"; };
		3DB6D0E9269A2A9000B2E67C /* ChatInteractor.swift */ = {isa = PBXFileReference; lastKnownFileType = sourcecode.swift; path = ChatInteractor.swift; sourceTree = "<group>"; };
		3DB6D0EE269A2AA300B2E67C /* ChatPresenter.swift */ = {isa = PBXFileReference; lastKnownFileType = sourcecode.swift; path = ChatPresenter.swift; sourceTree = "<group>"; };
		3DB6D0F6269A2C2100B2E67C /* ChatViewControllerFactory.swift */ = {isa = PBXFileReference; lastKnownFileType = sourcecode.swift; path = ChatViewControllerFactory.swift; sourceTree = "<group>"; };
		3DB6D101269A322300B2E67C /* ChatJourney.swift */ = {isa = PBXFileReference; lastKnownFileType = sourcecode.swift; path = ChatJourney.swift; sourceTree = "<group>"; };
		3DB6D107269A32A900B2E67C /* ApplicationJourney.swift */ = {isa = PBXFileReference; lastKnownFileType = sourcecode.swift; path = ApplicationJourney.swift; sourceTree = "<group>"; };
		3DB6D10E269A358600B2E67C /* MessagesService.swift */ = {isa = PBXFileReference; lastKnownFileType = sourcecode.swift; path = MessagesService.swift; sourceTree = "<group>"; };
		3DB6D116269A35D400B2E67C /* Message.swift */ = {isa = PBXFileReference; lastKnownFileType = sourcecode.swift; path = Message.swift; sourceTree = "<group>"; };
		3DB6D11C269A369F00B2E67C /* StaticMessagesService.swift */ = {isa = PBXFileReference; lastKnownFileType = sourcecode.swift; path = StaticMessagesService.swift; sourceTree = "<group>"; };
		3DB6D128269A3F0800B2E67C /* Result+On.swift */ = {isa = PBXFileReference; lastKnownFileType = sourcecode.swift; path = "Result+On.swift"; sourceTree = "<group>"; };
		3DB6D130269A41A600B2E67C /* Localized.swift */ = {isa = PBXFileReference; lastKnownFileType = sourcecode.swift; path = Localized.swift; sourceTree = "<group>"; };
		3DB6D13E269A425D00B2E67C /* en */ = {isa = PBXFileReference; lastKnownFileType = text.plist.strings; name = en; path = en.lproj/Localizable.strings; sourceTree = "<group>"; };
		3DB6D143269A475C00B2E67C /* MessageViewModel.swift */ = {isa = PBXFileReference; lastKnownFileType = sourcecode.swift; path = MessageViewModel.swift; sourceTree = "<group>"; };
		3DB6D148269A49AE00B2E67C /* DefaultDateFormatter.swift */ = {isa = PBXFileReference; lastKnownFileType = sourcecode.swift; path = DefaultDateFormatter.swift; sourceTree = "<group>"; };
		3DB6D14D269A4AF200B2E67C /* String+Lorem.swift */ = {isa = PBXFileReference; lastKnownFileType = sourcecode.swift; path = "String+Lorem.swift"; sourceTree = "<group>"; };
		3DB6D152269A4B1100B2E67C /* TimeInterval+Dates.swift */ = {isa = PBXFileReference; lastKnownFileType = sourcecode.swift; path = "TimeInterval+Dates.swift"; sourceTree = "<group>"; };
		3DB6D157269A4BEF00B2E67C /* ChatViewController.xib */ = {isa = PBXFileReference; lastKnownFileType = file.xib; path = ChatViewController.xib; sourceTree = "<group>"; };
		3DB6D15C269AF54F00B2E67C /* UIScrollView+Extensions.swift */ = {isa = PBXFileReference; lastKnownFileType = sourcecode.swift; path = "UIScrollView+Extensions.swift"; sourceTree = "<group>"; };
		3DB6D161269B012700B2E67C /* NSNotification+Extensions.swift */ = {isa = PBXFileReference; lastKnownFileType = sourcecode.swift; path = "NSNotification+Extensions.swift"; sourceTree = "<group>"; };
		3DB6D166269B058F00B2E67C /* MessageView.swift */ = {isa = PBXFileReference; lastKnownFileType = sourcecode.swift; path = MessageView.swift; sourceTree = "<group>"; };
		3DB6D16B269B062700B2E67C /* MessageView.xib */ = {isa = PBXFileReference; lastKnownFileType = file.xib; path = MessageView.xib; sourceTree = "<group>"; };
		3DB6D170269B070D00B2E67C /* UINib+Extensions.swift */ = {isa = PBXFileReference; lastKnownFileType = sourcecode.swift; path = "UINib+Extensions.swift"; sourceTree = "<group>"; };
		3DB6D17C269B15D800B2E67C /* Spy.swift */ = {isa = PBXFileReference; lastKnownFileType = sourcecode.swift; path = Spy.swift; sourceTree = "<group>"; };
		3DB6D184269B164B00B2E67C /* Stub.swift */ = {isa = PBXFileReference; lastKnownFileType = sourcecode.swift; path = Stub.swift; sourceTree = "<group>"; };
		3DB6D18D269B16D300B2E67C /* ChatPresenterMock.swift */ = {isa = PBXFileReference; lastKnownFileType = sourcecode.swift; path = ChatPresenterMock.swift; sourceTree = "<group>"; };
		3DB6D195269B17BC00B2E67C /* MessagesServiceMock.swift */ = {isa = PBXFileReference; lastKnownFileType = sourcecode.swift; path = MessagesServiceMock.swift; sourceTree = "<group>"; };
		3DB6D19A269B1CC100B2E67C /* Message.swift */ = {isa = PBXFileReference; lastKnownFileType = sourcecode.swift; path = Message.swift; sourceTree = "<group>"; };
		3DB6D19F269B224E00B2E67C /* Error.swift */ = {isa = PBXFileReference; lastKnownFileType = sourcecode.swift; path = Error.swift; sourceTree = "<group>"; };
		3DB6D1C2269B706200B2E67C /* ChatRobot.swift */ = {isa = PBXFileReference; lastKnownFileType = sourcecode.swift; path = ChatRobot.swift; sourceTree = "<group>"; };
		3DB6D1CB269B710C00B2E67C /* AccessibilityIdentifiers.swift */ = {isa = PBXFileReference; lastKnownFileType = sourcecode.swift; path = AccessibilityIdentifiers.swift; sourceTree = "<group>"; };
		3DB6D1D3269B71BC00B2E67C /* XCUIElement+Extensions.swift */ = {isa = PBXFileReference; lastKnownFileType = sourcecode.swift; path = "XCUIElement+Extensions.swift"; sourceTree = "<group>"; };
/* End PBXFileReference section */

/* Begin PBXFrameworksBuildPhase section */
		3DB6D09F269A288C00B2E67C /* Frameworks */ = {
			isa = PBXFrameworksBuildPhase;
			buildActionMask = 2147483647;
			files = (
			);
			runOnlyForDeploymentPostprocessing = 0;
		};
		3DB6D0B5269A288D00B2E67C /* Frameworks */ = {
			isa = PBXFrameworksBuildPhase;
			buildActionMask = 2147483647;
			files = (
			);
			runOnlyForDeploymentPostprocessing = 0;
		};
		3DB6D0C0269A288D00B2E67C /* Frameworks */ = {
			isa = PBXFrameworksBuildPhase;
			buildActionMask = 2147483647;
			files = (
			);
			runOnlyForDeploymentPostprocessing = 0;
		};
/* End PBXFrameworksBuildPhase section */

/* Begin PBXGroup section */
		3DB6D099269A288C00B2E67C = {
			isa = PBXGroup;
			children = (
				3DB6D0A4269A288C00B2E67C /* ChatBox */,
				3DB6D0BB269A288D00B2E67C /* ChatBoxTests */,
				3DB6D0C6269A288D00B2E67C /* ChatBoxUITests */,
				3DB6D0A3269A288C00B2E67C /* Products */,
			);
			sourceTree = "<group>";
		};
		3DB6D0A3269A288C00B2E67C /* Products */ = {
			isa = PBXGroup;
			children = (
				3DB6D0A2269A288C00B2E67C /* ChatBox.app */,
				3DB6D0B8269A288D00B2E67C /* ChatBoxTests.xctest */,
				3DB6D0C3269A288D00B2E67C /* ChatBoxUITests.xctest */,
			);
			name = Products;
			sourceTree = "<group>";
		};
		3DB6D0A4269A288C00B2E67C /* ChatBox */ = {
			isa = PBXGroup;
			children = (
				3DB6D137269A421300B2E67C /* Resources */,
				3DB6D127269A3EDA00B2E67C /* Helpers */,
				3DB6D10D269A355100B2E67C /* Services */,
				3DB6D10C269A354000B2E67C /* Models */,
				3DB6D0D8269A28B800B2E67C /* Scenes */,
				3DB6D0A5269A288C00B2E67C /* AppDelegate.swift */,
				3DB6D0AE269A288D00B2E67C /* Assets.xcassets */,
				3DB6D0B0269A288D00B2E67C /* LaunchScreen.storyboard */,
				3DB6D0B3269A288D00B2E67C /* Info.plist */,
			);
			path = ChatBox;
			sourceTree = "<group>";
		};
		3DB6D0BB269A288D00B2E67C /* ChatBoxTests */ = {
			isa = PBXGroup;
			children = (
				3DB6D18C269B16C000B2E67C /* Mocks */,
				3DB6D17B269B15CA00B2E67C /* Helpers */,
				3DB6D0BC269A288D00B2E67C /* ChatInteractorTests.swift */,
				3DB6D0BE269A288D00B2E67C /* Info.plist */,
			);
			path = ChatBoxTests;
			sourceTree = "<group>";
		};
		3DB6D0C6269A288D00B2E67C /* ChatBoxUITests */ = {
			isa = PBXGroup;
			children = (
				3DB6D1CA269B710400B2E67C /* Helpers */,
				3DB6D1C1269B705700B2E67C /* Robots */,
				3DB6D0C7269A288D00B2E67C /* ChatUITests.swift */,
				3DB6D0C9269A288D00B2E67C /* Info.plist */,
			);
			path = ChatBoxUITests;
			sourceTree = "<group>";
		};
		3DB6D0D8269A28B800B2E67C /* Scenes */ = {
			isa = PBXGroup;
			children = (
				3DB6D106269A328800B2E67C /* Application */,
				3DB6D0D9269A28C000B2E67C /* Chat */,
			);
			path = Scenes;
			sourceTree = "<group>";
		};
		3DB6D0D9269A28C000B2E67C /* Chat */ = {
			isa = PBXGroup;
			children = (
				3DB6D0DA269A28DA00B2E67C /* ChatViewController.swift */,
				3DB6D0E9269A2A9000B2E67C /* ChatInteractor.swift */,
				3DB6D0EE269A2AA300B2E67C /* ChatPresenter.swift */,
				3DB6D0F6269A2C2100B2E67C /* ChatViewControllerFactory.swift */,
				3DB6D101269A322300B2E67C /* ChatJourney.swift */,
				3DB6D143269A475C00B2E67C /* MessageViewModel.swift */,
				3DB6D157269A4BEF00B2E67C /* ChatViewController.xib */,
				3DB6D166269B058F00B2E67C /* MessageView.swift */,
				3DB6D16B269B062700B2E67C /* MessageView.xib */,
			);
			path = Chat;
			sourceTree = "<group>";
		};
		3DB6D106269A328800B2E67C /* Application */ = {
			isa = PBXGroup;
			children = (
				3DB6D107269A32A900B2E67C /* ApplicationJourney.swift */,
			);
			path = Application;
			sourceTree = "<group>";
		};
		3DB6D10C269A354000B2E67C /* Models */ = {
			isa = PBXGroup;
			children = (
				3DB6D116269A35D400B2E67C /* Message.swift */,
			);
			path = Models;
			sourceTree = "<group>";
		};
		3DB6D10D269A355100B2E67C /* Services */ = {
			isa = PBXGroup;
			children = (
				3DB6D11B269A365600B2E67C /* Messages */,
			);
			path = Services;
			sourceTree = "<group>";
		};
		3DB6D11B269A365600B2E67C /* Messages */ = {
			isa = PBXGroup;
			children = (
				3DB6D10E269A358600B2E67C /* MessagesService.swift */,
				3DB6D11C269A369F00B2E67C /* StaticMessagesService.swift */,
			);
			path = Messages;
			sourceTree = "<group>";
		};
		3DB6D127269A3EDA00B2E67C /* Helpers */ = {
			isa = PBXGroup;
			children = (
				3DB6D130269A41A600B2E67C /* Localized.swift */,
				3DB6D148269A49AE00B2E67C /* DefaultDateFormatter.swift */,
				3DB6D128269A3F0800B2E67C /* Result+On.swift */,
				3DB6D14D269A4AF200B2E67C /* String+Lorem.swift */,
				3DB6D152269A4B1100B2E67C /* TimeInterval+Dates.swift */,
				3DB6D15C269AF54F00B2E67C /* UIScrollView+Extensions.swift */,
				3DB6D161269B012700B2E67C /* NSNotification+Extensions.swift */,
				3DB6D170269B070D00B2E67C /* UINib+Extensions.swift */,
			);
			path = Helpers;
			sourceTree = "<group>";
		};
		3DB6D137269A421300B2E67C /* Resources */ = {
			isa = PBXGroup;
			children = (
				3DB6D13F269A425D00B2E67C /* Localizable.strings */,
			);
			path = Resources;
			sourceTree = "<group>";
		};
		3DB6D17B269B15CA00B2E67C /* Helpers */ = {
			isa = PBXGroup;
			children = (
				3DB6D17C269B15D800B2E67C /* Spy.swift */,
				3DB6D184269B164B00B2E67C /* Stub.swift */,
			);
			path = Helpers;
			sourceTree = "<group>";
		};
		3DB6D18C269B16C000B2E67C /* Mocks */ = {
			isa = PBXGroup;
			children = (
				3DB6D18D269B16D300B2E67C /* ChatPresenterMock.swift */,
				3DB6D195269B17BC00B2E67C /* MessagesServiceMock.swift */,
				3DB6D19A269B1CC100B2E67C /* Message.swift */,
				3DB6D19F269B224E00B2E67C /* Error.swift */,
			);
			path = Mocks;
			sourceTree = "<group>";
		};
		3DB6D1C1269B705700B2E67C /* Robots */ = {
			isa = PBXGroup;
			children = (
				3DB6D1C2269B706200B2E67C /* ChatRobot.swift */,
			);
			path = Robots;
			sourceTree = "<group>";
		};
		3DB6D1CA269B710400B2E67C /* Helpers */ = {
			isa = PBXGroup;
			children = (
				3DB6D1CB269B710C00B2E67C /* AccessibilityIdentifiers.swift */,
				3DB6D1D3269B71BC00B2E67C /* XCUIElement+Extensions.swift */,
			);
			path = Helpers;
			sourceTree = "<group>";
		};
/* End PBXGroup section */

/* Begin PBXNativeTarget section */
		3DB6D0A1269A288C00B2E67C /* ChatBox */ = {
			isa = PBXNativeTarget;
			buildConfigurationList = 3DB6D0CC269A288D00B2E67C /* Build configuration list for PBXNativeTarget "ChatBox" */;
			buildPhases = (
				3DB6D09E269A288C00B2E67C /* Sources */,
				3DB6D09F269A288C00B2E67C /* Frameworks */,
				3DB6D0A0269A288C00B2E67C /* Resources */,
			);
			buildRules = (
			);
			dependencies = (
			);
			name = ChatBox;
			productName = ChatBox;
			productReference = 3DB6D0A2269A288C00B2E67C /* ChatBox.app */;
			productType = "com.apple.product-type.application";
		};
		3DB6D0B7269A288D00B2E67C /* ChatBoxTests */ = {
			isa = PBXNativeTarget;
			buildConfigurationList = 3DB6D0CF269A288D00B2E67C /* Build configuration list for PBXNativeTarget "ChatBoxTests" */;
			buildPhases = (
				3DB6D0B4269A288D00B2E67C /* Sources */,
				3DB6D0B5269A288D00B2E67C /* Frameworks */,
				3DB6D0B6269A288D00B2E67C /* Resources */,
			);
			buildRules = (
			);
			dependencies = (
				3DB6D0BA269A288D00B2E67C /* PBXTargetDependency */,
			);
			name = ChatBoxTests;
			productName = ChatBoxTests;
			productReference = 3DB6D0B8269A288D00B2E67C /* ChatBoxTests.xctest */;
			productType = "com.apple.product-type.bundle.unit-test";
		};
		3DB6D0C2269A288D00B2E67C /* ChatBoxUITests */ = {
			isa = PBXNativeTarget;
			buildConfigurationList = 3DB6D0D2269A288D00B2E67C /* Build configuration list for PBXNativeTarget "ChatBoxUITests" */;
			buildPhases = (
				3DB6D0BF269A288D00B2E67C /* Sources */,
				3DB6D0C0269A288D00B2E67C /* Frameworks */,
				3DB6D0C1269A288D00B2E67C /* Resources */,
			);
			buildRules = (
			);
			dependencies = (
				3DB6D0C5269A288D00B2E67C /* PBXTargetDependency */,
			);
			name = ChatBoxUITests;
			productName = ChatBoxUITests;
			productReference = 3DB6D0C3269A288D00B2E67C /* ChatBoxUITests.xctest */;
			productType = "com.apple.product-type.bundle.ui-testing";
		};
/* End PBXNativeTarget section */

/* Begin PBXProject section */
		3DB6D09A269A288C00B2E67C /* Project object */ = {
			isa = PBXProject;
			attributes = {
				LastSwiftUpdateCheck = 1220;
				LastUpgradeCheck = 1220;
				TargetAttributes = {
					3DB6D0A1269A288C00B2E67C = {
						CreatedOnToolsVersion = 12.2;
					};
					3DB6D0B7269A288D00B2E67C = {
						CreatedOnToolsVersion = 12.2;
						TestTargetID = 3DB6D0A1269A288C00B2E67C;
					};
					3DB6D0C2269A288D00B2E67C = {
						CreatedOnToolsVersion = 12.2;
						TestTargetID = 3DB6D0A1269A288C00B2E67C;
					};
				};
			};
			buildConfigurationList = 3DB6D09D269A288C00B2E67C /* Build configuration list for PBXProject "ChatBox" */;
			compatibilityVersion = "Xcode 9.3";
			developmentRegion = en;
			hasScannedForEncodings = 0;
			knownRegions = (
				en,
				Base,
			);
			mainGroup = 3DB6D099269A288C00B2E67C;
			productRefGroup = 3DB6D0A3269A288C00B2E67C /* Products */;
			projectDirPath = "";
			projectRoot = "";
			targets = (
				3DB6D0A1269A288C00B2E67C /* ChatBox */,
				3DB6D0B7269A288D00B2E67C /* ChatBoxTests */,
				3DB6D0C2269A288D00B2E67C /* ChatBoxUITests */,
			);
		};
/* End PBXProject section */

/* Begin PBXResourcesBuildPhase section */
		3DB6D0A0269A288C00B2E67C /* Resources */ = {
			isa = PBXResourcesBuildPhase;
			buildActionMask = 2147483647;
			files = (
				3DB6D13D269A425D00B2E67C /* Localizable.strings in Resources */,
				3DB6D0B2269A288D00B2E67C /* LaunchScreen.storyboard in Resources */,
				3DB6D16C269B062700B2E67C /* MessageView.xib in Resources */,
				3DB6D158269A4BEF00B2E67C /* ChatViewController.xib in Resources */,
				3DB6D0AF269A288D00B2E67C /* Assets.xcassets in Resources */,
			);
			runOnlyForDeploymentPostprocessing = 0;
		};
		3DB6D0B6269A288D00B2E67C /* Resources */ = {
			isa = PBXResourcesBuildPhase;
			buildActionMask = 2147483647;
			files = (
			);
			runOnlyForDeploymentPostprocessing = 0;
		};
		3DB6D0C1269A288D00B2E67C /* Resources */ = {
			isa = PBXResourcesBuildPhase;
			buildActionMask = 2147483647;
			files = (
			);
			runOnlyForDeploymentPostprocessing = 0;
		};
/* End PBXResourcesBuildPhase section */

/* Begin PBXSourcesBuildPhase section */
		3DB6D09E269A288C00B2E67C /* Sources */ = {
			isa = PBXSourcesBuildPhase;
			buildActionMask = 2147483647;
			files = (
				3DB6D0A6269A288C00B2E67C /* AppDelegate.swift in Sources */,
				3DB6D131269A41A600B2E67C /* Localized.swift in Sources */,
				3DB6D149269A49AE00B2E67C /* DefaultDateFormatter.swift in Sources */,
				3DB6D153269A4B1100B2E67C /* TimeInterval+Dates.swift in Sources */,
				3DB6D14E269A4AF200B2E67C /* String+Lorem.swift in Sources */,
				3DB6D10F269A358600B2E67C /* MessagesService.swift in Sources */,
				3DB6D11D269A369F00B2E67C /* StaticMessagesService.swift in Sources */,
				3DB6D171269B070D00B2E67C /* UINib+Extensions.swift in Sources */,
				3DB6D0DB269A28DA00B2E67C /* ChatViewController.swift in Sources */,
				3DB6D117269A35D400B2E67C /* Message.swift in Sources */,
				3DB6D129269A3F0800B2E67C /* Result+On.swift in Sources */,
				3DB6D15D269AF54F00B2E67C /* UIScrollView+Extensions.swift in Sources */,
				3DB6D167269B058F00B2E67C /* MessageView.swift in Sources */,
				3DB6D102269A322300B2E67C /* ChatJourney.swift in Sources */,
				3DB6D0F7269A2C2100B2E67C /* ChatViewControllerFactory.swift in Sources */,
				3DB6D0EF269A2AA300B2E67C /* ChatPresenter.swift in Sources */,
				3DB6D144269A475C00B2E67C /* MessageViewModel.swift in Sources */,
				3DB6D162269B012700B2E67C /* NSNotification+Extensions.swift in Sources */,
				3DB6D1D8269B750A00B2E67C /* AccessibilityIdentifiers.swift in Sources */,
				3DB6D108269A32A900B2E67C /* ApplicationJourney.swift in Sources */,
				3DB6D0EA269A2A9000B2E67C /* ChatInteractor.swift in Sources */,
			);
			runOnlyForDeploymentPostprocessing = 0;
		};
		3DB6D0B4269A288D00B2E67C /* Sources */ = {
			isa = PBXSourcesBuildPhase;
			buildActionMask = 2147483647;
			files = (
				3DB6D18E269B16D300B2E67C /* ChatPresenterMock.swift in Sources */,
				3DB6D17D269B15D800B2E67C /* Spy.swift in Sources */,
				3DB6D185269B164B00B2E67C /* Stub.swift in Sources */,
				3DB6D19B269B1CC100B2E67C /* Message.swift in Sources */,
				3DB6D0BD269A288D00B2E67C /* ChatInteractorTests.swift in Sources */,
				3DB6D1A0269B224E00B2E67C /* Error.swift in Sources */,
				3DB6D196269B17BC00B2E67C /* MessagesServiceMock.swift in Sources */,
			);
			runOnlyForDeploymentPostprocessing = 0;
		};
		3DB6D0BF269A288D00B2E67C /* Sources */ = {
			isa = PBXSourcesBuildPhase;
			buildActionMask = 2147483647;
			files = (
				3DB6D1CC269B710C00B2E67C /* AccessibilityIdentifiers.swift in Sources */,
				3DB6D1D4269B71BC00B2E67C /* XCUIElement+Extensions.swift in Sources */,
				3DB6D1C3269B706200B2E67C /* ChatRobot.swift in Sources */,
				3DB6D0C8269A288D00B2E67C /* ChatUITests.swift in Sources */,
			);
			runOnlyForDeploymentPostprocessing = 0;
		};
/* End PBXSourcesBuildPhase section */

/* Begin PBXTargetDependency section */
		3DB6D0BA269A288D00B2E67C /* PBXTargetDependency */ = {
			isa = PBXTargetDependency;
			target = 3DB6D0A1269A288C00B2E67C /* ChatBox */;
			targetProxy = 3DB6D0B9269A288D00B2E67C /* PBXContainerItemProxy */;
		};
		3DB6D0C5269A288D00B2E67C /* PBXTargetDependency */ = {
			isa = PBXTargetDependency;
			target = 3DB6D0A1269A288C00B2E67C /* ChatBox */;
			targetProxy = 3DB6D0C4269A288D00B2E67C /* PBXContainerItemProxy */;
		};
/* End PBXTargetDependency section */

/* Begin PBXVariantGroup section */
		3DB6D0B0269A288D00B2E67C /* LaunchScreen.storyboard */ = {
			isa = PBXVariantGroup;
			children = (
				3DB6D0B1269A288D00B2E67C /* Base */,
			);
			name = LaunchScreen.storyboard;
			sourceTree = "<group>";
		};
		3DB6D13F269A425D00B2E67C /* Localizable.strings */ = {
			isa = PBXVariantGroup;
			children = (
				3DB6D13E269A425D00B2E67C /* en */,
			);
			name = Localizable.strings;
			sourceTree = "<group>";
		};
/* End PBXVariantGroup section */

/* Begin XCBuildConfiguration section */
		3DB6D0CA269A288D00B2E67C /* Debug */ = {
			isa = XCBuildConfiguration;
			buildSettings = {
				ALWAYS_SEARCH_USER_PATHS = NO;
				CLANG_ANALYZER_NONNULL = YES;
				CLANG_ANALYZER_NUMBER_OBJECT_CONVERSION = YES_AGGRESSIVE;
				CLANG_CXX_LANGUAGE_STANDARD = "gnu++14";
				CLANG_CXX_LIBRARY = "libc++";
				CLANG_ENABLE_MODULES = YES;
				CLANG_ENABLE_OBJC_ARC = YES;
				CLANG_ENABLE_OBJC_WEAK = YES;
				CLANG_WARN_BLOCK_CAPTURE_AUTORELEASING = YES;
				CLANG_WARN_BOOL_CONVERSION = YES;
				CLANG_WARN_COMMA = YES;
				CLANG_WARN_CONSTANT_CONVERSION = YES;
				CLANG_WARN_DEPRECATED_OBJC_IMPLEMENTATIONS = YES;
				CLANG_WARN_DIRECT_OBJC_ISA_USAGE = YES_ERROR;
				CLANG_WARN_DOCUMENTATION_COMMENTS = YES;
				CLANG_WARN_EMPTY_BODY = YES;
				CLANG_WARN_ENUM_CONVERSION = YES;
				CLANG_WARN_INFINITE_RECURSION = YES;
				CLANG_WARN_INT_CONVERSION = YES;
				CLANG_WARN_NON_LITERAL_NULL_CONVERSION = YES;
				CLANG_WARN_OBJC_IMPLICIT_RETAIN_SELF = YES;
				CLANG_WARN_OBJC_LITERAL_CONVERSION = YES;
				CLANG_WARN_OBJC_ROOT_CLASS = YES_ERROR;
				CLANG_WARN_QUOTED_INCLUDE_IN_FRAMEWORK_HEADER = YES;
				CLANG_WARN_RANGE_LOOP_ANALYSIS = YES;
				CLANG_WARN_STRICT_PROTOTYPES = YES;
				CLANG_WARN_SUSPICIOUS_MOVE = YES;
				CLANG_WARN_UNGUARDED_AVAILABILITY = YES_AGGRESSIVE;
				CLANG_WARN_UNREACHABLE_CODE = YES;
				CLANG_WARN__DUPLICATE_METHOD_MATCH = YES;
				COPY_PHASE_STRIP = NO;
				DEBUG_INFORMATION_FORMAT = dwarf;
				ENABLE_STRICT_OBJC_MSGSEND = YES;
				ENABLE_TESTABILITY = YES;
				GCC_C_LANGUAGE_STANDARD = gnu11;
				GCC_DYNAMIC_NO_PIC = NO;
				GCC_NO_COMMON_BLOCKS = YES;
				GCC_OPTIMIZATION_LEVEL = 0;
				GCC_PREPROCESSOR_DEFINITIONS = (
					"DEBUG=1",
					"$(inherited)",
				);
				GCC_WARN_64_TO_32_BIT_CONVERSION = YES;
				GCC_WARN_ABOUT_RETURN_TYPE = YES_ERROR;
				GCC_WARN_UNDECLARED_SELECTOR = YES;
				GCC_WARN_UNINITIALIZED_AUTOS = YES_AGGRESSIVE;
				GCC_WARN_UNUSED_FUNCTION = YES;
				GCC_WARN_UNUSED_VARIABLE = YES;
				IPHONEOS_DEPLOYMENT_TARGET = 14.2;
				MTL_ENABLE_DEBUG_INFO = INCLUDE_SOURCE;
				MTL_FAST_MATH = YES;
				ONLY_ACTIVE_ARCH = YES;
				SDKROOT = iphoneos;
				SWIFT_ACTIVE_COMPILATION_CONDITIONS = DEBUG;
				SWIFT_OPTIMIZATION_LEVEL = "-Onone";
			};
			name = Debug;
		};
		3DB6D0CB269A288D00B2E67C /* Release */ = {
			isa = XCBuildConfiguration;
			buildSettings = {
				ALWAYS_SEARCH_USER_PATHS = NO;
				CLANG_ANALYZER_NONNULL = YES;
				CLANG_ANALYZER_NUMBER_OBJECT_CONVERSION = YES_AGGRESSIVE;
				CLANG_CXX_LANGUAGE_STANDARD = "gnu++14";
				CLANG_CXX_LIBRARY = "libc++";
				CLANG_ENABLE_MODULES = YES;
				CLANG_ENABLE_OBJC_ARC = YES;
				CLANG_ENABLE_OBJC_WEAK = YES;
				CLANG_WARN_BLOCK_CAPTURE_AUTORELEASING = YES;
				CLANG_WARN_BOOL_CONVERSION = YES;
				CLANG_WARN_COMMA = YES;
				CLANG_WARN_CONSTANT_CONVERSION = YES;
				CLANG_WARN_DEPRECATED_OBJC_IMPLEMENTATIONS = YES;
				CLANG_WARN_DIRECT_OBJC_ISA_USAGE = YES_ERROR;
				CLANG_WARN_DOCUMENTATION_COMMENTS = YES;
				CLANG_WARN_EMPTY_BODY = YES;
				CLANG_WARN_ENUM_CONVERSION = YES;
				CLANG_WARN_INFINITE_RECURSION = YES;
				CLANG_WARN_INT_CONVERSION = YES;
				CLANG_WARN_NON_LITERAL_NULL_CONVERSION = YES;
				CLANG_WARN_OBJC_IMPLICIT_RETAIN_SELF = YES;
				CLANG_WARN_OBJC_LITERAL_CONVERSION = YES;
				CLANG_WARN_OBJC_ROOT_CLASS = YES_ERROR;
				CLANG_WARN_QUOTED_INCLUDE_IN_FRAMEWORK_HEADER = YES;
				CLANG_WARN_RANGE_LOOP_ANALYSIS = YES;
				CLANG_WARN_STRICT_PROTOTYPES = YES;
				CLANG_WARN_SUSPICIOUS_MOVE = YES;
				CLANG_WARN_UNGUARDED_AVAILABILITY = YES_AGGRESSIVE;
				CLANG_WARN_UNREACHABLE_CODE = YES;
				CLANG_WARN__DUPLICATE_METHOD_MATCH = YES;
				COPY_PHASE_STRIP = NO;
				DEBUG_INFORMATION_FORMAT = "dwarf-with-dsym";
				ENABLE_NS_ASSERTIONS = NO;
				ENABLE_STRICT_OBJC_MSGSEND = YES;
				GCC_C_LANGUAGE_STANDARD = gnu11;
				GCC_NO_COMMON_BLOCKS = YES;
				GCC_WARN_64_TO_32_BIT_CONVERSION = YES;
				GCC_WARN_ABOUT_RETURN_TYPE = YES_ERROR;
				GCC_WARN_UNDECLARED_SELECTOR = YES;
				GCC_WARN_UNINITIALIZED_AUTOS = YES_AGGRESSIVE;
				GCC_WARN_UNUSED_FUNCTION = YES;
				GCC_WARN_UNUSED_VARIABLE = YES;
				IPHONEOS_DEPLOYMENT_TARGET = 14.2;
				MTL_ENABLE_DEBUG_INFO = NO;
				MTL_FAST_MATH = YES;
				SDKROOT = iphoneos;
				SWIFT_COMPILATION_MODE = wholemodule;
				SWIFT_OPTIMIZATION_LEVEL = "-O";
				VALIDATE_PRODUCT = YES;
			};
			name = Release;
		};
		3DB6D0CD269A288D00B2E67C /* Debug */ = {
			isa = XCBuildConfiguration;
			buildSettings = {
				ASSETCATALOG_COMPILER_APPICON_NAME = AppIcon;
				ASSETCATALOG_COMPILER_GLOBAL_ACCENT_COLOR_NAME = AccentColor;
				CODE_SIGN_STYLE = Automatic;
				DEVELOPMENT_TEAM = 4PAG8E3849;
				INFOPLIST_FILE = ChatBox/Info.plist;
				LD_RUNPATH_SEARCH_PATHS = (
					"$(inherited)",
					"@executable_path/Frameworks",
				);
				PRODUCT_BUNDLE_IDENTIFIER = com.szymanski.ChatBox;
				PRODUCT_NAME = "$(TARGET_NAME)";
				SWIFT_VERSION = 5.0;
				TARGETED_DEVICE_FAMILY = "1,2";
			};
			name = Debug;
		};
		3DB6D0CE269A288D00B2E67C /* Release */ = {
			isa = XCBuildConfiguration;
			buildSettings = {
				ASSETCATALOG_COMPILER_APPICON_NAME = AppIcon;
				ASSETCATALOG_COMPILER_GLOBAL_ACCENT_COLOR_NAME = AccentColor;
				CODE_SIGN_STYLE = Automatic;
				DEVELOPMENT_TEAM = 4PAG8E3849;
				INFOPLIST_FILE = ChatBox/Info.plist;
				LD_RUNPATH_SEARCH_PATHS = (
					"$(inherited)",
					"@executable_path/Frameworks",
				);
				PRODUCT_BUNDLE_IDENTIFIER = com.szymanski.ChatBox;
				PRODUCT_NAME = "$(TARGET_NAME)";
				SWIFT_VERSION = 5.0;
				TARGETED_DEVICE_FAMILY = "1,2";
			};
			name = Release;
		};
		3DB6D0D0269A288D00B2E67C /* Debug */ = {
			isa = XCBuildConfiguration;
			buildSettings = {
				ALWAYS_EMBED_SWIFT_STANDARD_LIBRARIES = YES;
				BUNDLE_LOADER = "$(TEST_HOST)";
				CODE_SIGN_STYLE = Automatic;
				DEVELOPMENT_TEAM = 4PAG8E3849;
				INFOPLIST_FILE = ChatBoxTests/Info.plist;
				IPHONEOS_DEPLOYMENT_TARGET = 14.2;
				LD_RUNPATH_SEARCH_PATHS = (
					"$(inherited)",
					"@executable_path/Frameworks",
					"@loader_path/Frameworks",
				);
				PRODUCT_BUNDLE_IDENTIFIER = com.szymanski.ChatBoxTests;
				PRODUCT_NAME = "$(TARGET_NAME)";
				SWIFT_VERSION = 5.0;
				TARGETED_DEVICE_FAMILY = "1,2";
				TEST_HOST = "$(BUILT_PRODUCTS_DIR)/ChatBox.app/ChatBox";
			};
			name = Debug;
		};
		3DB6D0D1269A288D00B2E67C /* Release */ = {
			isa = XCBuildConfiguration;
			buildSettings = {
				ALWAYS_EMBED_SWIFT_STANDARD_LIBRARIES = YES;
				BUNDLE_LOADER = "$(TEST_HOST)";
				CODE_SIGN_STYLE = Automatic;
				DEVELOPMENT_TEAM = 4PAG8E3849;
				INFOPLIST_FILE = ChatBoxTests/Info.plist;
				IPHONEOS_DEPLOYMENT_TARGET = 14.2;
				LD_RUNPATH_SEARCH_PATHS = (
					"$(inherited)",
					"@executable_path/Frameworks",
					"@loader_path/Frameworks",
				);
				PRODUCT_BUNDLE_IDENTIFIER = com.szymanski.ChatBoxTests;
				PRODUCT_NAME = "$(TARGET_NAME)";
				SWIFT_VERSION = 5.0;
				TARGETED_DEVICE_FAMILY = "1,2";
				TEST_HOST = "$(BUILT_PRODUCTS_DIR)/ChatBox.app/ChatBox";
			};
			name = Release;
		};
		3DB6D0D3269A288D00B2E67C /* Debug */ = {
			isa = XCBuildConfiguration;
			buildSettings = {
				ALWAYS_EMBED_SWIFT_STANDARD_LIBRARIES = YES;
				CODE_SIGN_STYLE = Automatic;
				DEVELOPMENT_TEAM = 4PAG8E3849;
				INFOPLIST_FILE = ChatBoxUITests/Info.plist;
				LD_RUNPATH_SEARCH_PATHS = (
					"$(inherited)",
					"@executable_path/Frameworks",
					"@loader_path/Frameworks",
				);
				PRODUCT_BUNDLE_IDENTIFIER = com.szymanski.ChatBoxUITests;
				PRODUCT_NAME = "$(TARGET_NAME)";
				SWIFT_VERSION = 5.0;
				TARGETED_DEVICE_FAMILY = "1,2";
				TEST_TARGET_NAME = ChatBox;
			};
			name = Debug;
		};
		3DB6D0D4269A288D00B2E67C /* Release */ = {
			isa = XCBuildConfiguration;
			buildSettings = {
				ALWAYS_EMBED_SWIFT_STANDARD_LIBRARIES = YES;
				CODE_SIGN_STYLE = Automatic;
				DEVELOPMENT_TEAM = 4PAG8E3849;
				INFOPLIST_FILE = ChatBoxUITests/Info.plist;
				LD_RUNPATH_SEARCH_PATHS = (
					"$(inherited)",
					"@executable_path/Frameworks",
					"@loader_path/Frameworks",
				);
				PRODUCT_BUNDLE_IDENTIFIER = com.szymanski.ChatBoxUITests;
				PRODUCT_NAME = "$(TARGET_NAME)";
				SWIFT_VERSION = 5.0;
				TARGETED_DEVICE_FAMILY = "1,2";
				TEST_TARGET_NAME = ChatBox;
			};
			name = Release;
		};
/* End XCBuildConfiguration section */

/* Begin XCConfigurationList section */
		3DB6D09D269A288C00B2E67C /* Build configuration list for PBXProject "ChatBox" */ = {
			isa = XCConfigurationList;
			buildConfigurations = (
				3DB6D0CA269A288D00B2E67C /* Debug */,
				3DB6D0CB269A288D00B2E67C /* Release */,
			);
			defaultConfigurationIsVisible = 0;
			defaultConfigurationName = Release;
		};
		3DB6D0CC269A288D00B2E67C /* Build configuration list for PBXNativeTarget "ChatBox" */ = {
			isa = XCConfigurationList;
			buildConfigurations = (
				3DB6D0CD269A288D00B2E67C /* Debug */,
				3DB6D0CE269A288D00B2E67C /* Release */,
			);
			defaultConfigurationIsVisible = 0;
			defaultConfigurationName = Release;
		};
		3DB6D0CF269A288D00B2E67C /* Build configuration list for PBXNativeTarget "ChatBoxTests" */ = {
			isa = XCConfigurationList;
			buildConfigurations = (
				3DB6D0D0269A288D00B2E67C /* Debug */,
				3DB6D0D1269A288D00B2E67C /* Release */,
			);
			defaultConfigurationIsVisible = 0;
			defaultConfigurationName = Release;
		};
		3DB6D0D2269A288D00B2E67C /* Build configuration list for PBXNativeTarget "ChatBoxUITests" */ = {
			isa = XCConfigurationList;
			buildConfigurations = (
				3DB6D0D3269A288D00B2E67C /* Debug */,
				3DB6D0D4269A288D00B2E67C /* Release */,
			);
			defaultConfigurationIsVisible = 0;
			defaultConfigurationName = Release;
		};
/* End XCConfigurationList section */
	};
	rootObject = 3DB6D09A269A288C00B2E67C /* Project object */;
}
